
Microsoft Visual Studio Solution File, Format Version 12.00
# Visual Studio Version 16
VisualStudioVersion = 16.0.30225.117
MinimumVisualStudioVersion = 10.0.40219.1
Project("{9A19103F-16F7-4668-BE54-9A1E7A4F7556}") = "EmployeeManagement.Models", "EmployeeManagement.Models\EmployeeManagement.Models.csproj", "{CD83BE6A-5209-4BBC-ADC1-13137E0B8888}"
EndProject
Project("{9A19103F-16F7-4668-BE54-9A1E7A4F7556}") = "EmployeeManagement.Web", "EmployeeManagement.Web\EmployeeManagement.Web.csproj", "{122C8E72-AC56-439A-B379-F924CB57CCD0}"
EndProject
Project("{9A19103F-16F7-4668-BE54-9A1E7A4F7556}") = "EmployeeManagement.API", "EmployeeManagementAPI\EmployeeManagement.API.csproj", "{0A84DF4B-C343-4D65-A28C-8C6A36A9A477}"
EndProject
Project("{FAE04EC0-301F-11D3-BF4B-00C04F79EFBC}") = "Blazor.Components", "Blazor.Components\Blazor.Components.csproj", "{456ABA82-15ED-4729-AA94-5CC928D80766}"
EndProject
Global
	GlobalSection(SolutionConfigurationPlatforms) = preSolution
		Debug|Any CPU = Debug|Any CPU
		Release|Any CPU = Release|Any CPU
	EndGlobalSection
	GlobalSection(ProjectConfigurationPlatforms) = postSolution
		{CD83BE6A-5209-4BBC-ADC1-13137E0B8888}.Debug|Any CPU.ActiveCfg = Debug|Any CPU
		{CD83BE6A-5209-4BBC-ADC1-13137E0B8888}.Debug|Any CPU.Build.0 = Debug|Any CPU
		{CD83BE6A-5209-4BBC-ADC1-13137E0B8888}.Release|Any CPU.ActiveCfg = Release|Any CPU
		{CD83BE6A-5209-4BBC-ADC1-13137E0B8888}.Release|Any CPU.Build.0 = Release|Any CPU
		{122C8E72-AC56-439A-B379-F924CB57CCD0}.Debug|Any CPU.ActiveCfg = Debug|Any CPU
		{122C8E72-AC56-439A-B379-F924CB57CCD0}.Debug|Any CPU.Build.0 = Debug|Any CPU
		{122C8E72-AC56-439A-B379-F924CB57CCD0}.Release|Any CPU.ActiveCfg = Release|Any CPU
		{122C8E72-AC56-439A-B379-F924CB57CCD0}.Release|Any CPU.Build.0 = Release|Any CPU
		{0A84DF4B-C343-4D65-A28C-8C6A36A9A477}.Debug|Any CPU.ActiveCfg = Debug|Any CPU
		{0A84DF4B-C343-4D65-A28C-8C6A36A9A477}.Debug|Any CPU.Build.0 = Debug|Any CPU
		{0A84DF4B-C343-4D65-A28C-8C6A36A9A477}.Release|Any CPU.ActiveCfg = Release|Any CPU
		{0A84DF4B-C343-4D65-A28C-8C6A36A9A477}.Release|Any CPU.Build.0 = Release|Any CPU
		{456ABA82-15ED-4729-AA94-5CC928D80766}.Debug|Any CPU.ActiveCfg = Debug|Any CPU
		{456ABA82-15ED-4729-AA94-5CC928D80766}.Debug|Any CPU.Build.0 = Debug|Any CPU
		{456ABA82-15ED-4729-AA94-5CC928D80766}.Release|Any CPU.ActiveCfg = Release|Any CPU
		{456ABA82-15ED-4729-AA94-5CC928D80766}.Release|Any CPU.Build.0 = Release|Any CPU
	EndGlobalSection
	GlobalSection(SolutionProperties) = preSolution
		HideSolutionNode = FALSE
	EndGlobalSection
	GlobalSection(ExtensibilityGlobals) = postSolution
		SolutionGuid = {9FAE7784-ED79-4C29-824F-1656B13DB1F6}
	EndGlobalSection
EndGlobal
